
Microsoft Visual Studio Solution File, Format Version 12.00
# Visual Studio Version 17
VisualStudioVersion = 17.11.35222.181
MinimumVisualStudioVersion = 10.0.40219.1
Project("{FAE04EC0-301F-11D3-BF4B-00C04F79EFBC}") = "NumMethodsLab1", "NumMethodsLab1\NumMethodsLab1.csproj", "{7C54590E-0F14-473A-89D7-6B1B09B24AE7}"
EndProject
Global
	GlobalSection(SolutionConfigurationPlatforms) = preSolution
		Debug|Any CPU = Debug|Any CPU
		Release|Any CPU = Release|Any CPU
	EndGlobalSection
	GlobalSection(ProjectConfigurationPlatforms) = postSolution
		{7C54590E-0F14-473A-89D7-6B1B09B24AE7}.Debug|Any CPU.ActiveCfg = Debug|Any CPU
		{7C54590E-0F14-473A-89D7-6B1B09B24AE7}.Debug|Any CPU.Build.0 = Debug|Any CPU
		{7C54590E-0F14-473A-89D7-6B1B09B24AE7}.Release|Any CPU.ActiveCfg = Release|Any CPU
		{7C54590E-0F14-473A-89D7-6B1B09B24AE7}.Release|Any CPU.Build.0 = Release|Any CPU
	EndGlobalSection
	GlobalSection(SolutionProperties) = preSolution
		HideSolutionNode = FALSE
	EndGlobalSection
	GlobalSection(ExtensibilityGlobals) = postSolution
		SolutionGuid = {B9D2F503-05AB-4EA8-AB91-69BBD5BF18FA}
	EndGlobalSection
EndGlobal
